
Microsoft Visual Studio Solution File, Format Version 12.00
# Visual Studio Version 17
VisualStudioVersion = 17.1.32210.238
MinimumVisualStudioVersion = 10.0.40219.1
Project("{FAE04EC0-301F-11D3-BF4B-00C04F79EFBC}") = "NotionTestBackend", "NotionTestBackend.csproj", "{C6FB39E9-F398-470E-AD0A-7DCD4BC48D2F}"
EndProject
Project("{FAE04EC0-301F-11D3-BF4B-00C04F79EFBC}") = "Services", "..\Services\Services.csproj", "{0CCF79C1-5144-403A-9BD8-A474E470CE93}"
EndProject
Project("{FAE04EC0-301F-11D3-BF4B-00C04F79EFBC}") = "Domain", "..\Domain\Domain.csproj", "{DAA1F924-1ADD-4709-9D13-44D2EE809A25}"
EndProject
Global
	GlobalSection(SolutionConfigurationPlatforms) = preSolution
		Debug|Any CPU = Debug|Any CPU
		Release|Any CPU = Release|Any CPU
	EndGlobalSection
	GlobalSection(ProjectConfigurationPlatforms) = postSolution
		{C6FB39E9-F398-470E-AD0A-7DCD4BC48D2F}.Debug|Any CPU.ActiveCfg = Debug|Any CPU
		{C6FB39E9-F398-470E-AD0A-7DCD4BC48D2F}.Debug|Any CPU.Build.0 = Debug|Any CPU
		{C6FB39E9-F398-470E-AD0A-7DCD4BC48D2F}.Release|Any CPU.ActiveCfg = Release|Any CPU
		{C6FB39E9-F398-470E-AD0A-7DCD4BC48D2F}.Release|Any CPU.Build.0 = Release|Any CPU
		{0CCF79C1-5144-403A-9BD8-A474E470CE93}.Debug|Any CPU.ActiveCfg = Debug|Any CPU
		{0CCF79C1-5144-403A-9BD8-A474E470CE93}.Debug|Any CPU.Build.0 = Debug|Any CPU
		{0CCF79C1-5144-403A-9BD8-A474E470CE93}.Release|Any CPU.ActiveCfg = Release|Any CPU
		{0CCF79C1-5144-403A-9BD8-A474E470CE93}.Release|Any CPU.Build.0 = Release|Any CPU
		{DAA1F924-1ADD-4709-9D13-44D2EE809A25}.Debug|Any CPU.ActiveCfg = Debug|Any CPU
		{DAA1F924-1ADD-4709-9D13-44D2EE809A25}.Debug|Any CPU.Build.0 = Debug|Any CPU
		{DAA1F924-1ADD-4709-9D13-44D2EE809A25}.Release|Any CPU.ActiveCfg = Release|Any CPU
		{DAA1F924-1ADD-4709-9D13-44D2EE809A25}.Release|Any CPU.Build.0 = Release|Any CPU
	EndGlobalSection
	GlobalSection(SolutionProperties) = preSolution
		HideSolutionNode = FALSE
	EndGlobalSection
	GlobalSection(ExtensibilityGlobals) = postSolution
		SolutionGuid = {2E742BED-A6D0-4D75-8E78-F9FCE4D0EF4E}
	EndGlobalSection
EndGlobal
